// !$*UTF8*$!
{
	archiveVersion = 1;
	classes = {
	};
	objectVersion = 46;
	objects = {

/* Begin PBXBuildFile section */
		DC8FA1941E6E81EE00FDE399 /* main.m in Sources */ = {isa = PBXBuildFile; fileRef = DC8FA1931E6E81EE00FDE399 /* main.m */; };
		DC8FA1971E6E81EE00FDE399 /* AppDelegate.m in Sources */ = {isa = PBXBuildFile; fileRef = DC8FA1961E6E81EE00FDE399 /* AppDelegate.m */; };
		DC8FA19A1E6E81EE00FDE399 /* ViewController.m in Sources */ = {isa = PBXBuildFile; fileRef = DC8FA1991E6E81EE00FDE399 /* ViewController.m */; };
		DC8FA19D1E6E81EE00FDE399 /* Main.storyboard in Resources */ = {isa = PBXBuildFile; fileRef = DC8FA19B1E6E81EE00FDE399 /* Main.storyboard */; };
		DC8FA19F1E6E81EF00FDE399 /* Assets.xcassets in Resources */ = {isa = PBXBuildFile; fileRef = DC8FA19E1E6E81EF00FDE399 /* Assets.xcassets */; };
		DC8FA1A21E6E81EF00FDE399 /* LaunchScreen.storyboard in Resources */ = {isa = PBXBuildFile; fileRef = DC8FA1A01E6E81EF00FDE399 /* LaunchScreen.storyboard */; };
		DC8FA1AB1E6E822C00FDE399 /* LLWaveView.m in Sources */ = {isa = PBXBuildFile; fileRef = DC8FA1AA1E6E822C00FDE399 /* LLWaveView.m */; };
/* End PBXBuildFile section */

/* Begin PBXFileReference section */
		DC8FA18F1E6E81EE00FDE399 /* LLWaveAnimation.app */ = {isa = PBXFileReference; explicitFileType = wrapper.application; includeInIndex = 0; path = LLWaveAnimation.app; sourceTree = BUILT_PRODUCTS_DIR; };
		DC8FA1931E6E81EE00FDE399 /* main.m */ = {isa = PBXFileReference; lastKnownFileType = sourcecode.c.objc; path = main.m; sourceTree = "<group>"; };
		DC8FA1951E6E81EE00FDE399 /* AppDelegate.h */ = {isa = PBXFileReference; lastKnownFileType = sourcecode.c.h; path = AppDelegate.h; sourceTree = "<group>"; };
		DC8FA1961E6E81EE00FDE399 /* AppDelegate.m */ = {isa = PBXFileReference; lastKnownFileType = sourcecode.c.objc; path = AppDelegate.m; sourceTree = "<group>"; };
		DC8FA1981E6E81EE00FDE399 /* ViewController.h */ = {isa = PBXFileReference; lastKnownFileType = sourcecode.c.h; path = ViewController.h; sourceTree = "<group>"; };
		DC8FA1991E6E81EE00FDE399 /* ViewController.m */ = {isa = PBXFileReference; lastKnownFileType = sourcecode.c.objc; path = ViewController.m; sourceTree = "<group>"; };
		DC8FA19C1E6E81EE00FDE399 /* Base */ = {isa = PBXFileReference; lastKnownFileType = file.storyboard; name = Base; path = Base.lproj/Main.storyboard; sourceTree = "<group>"; };
		DC8FA19E1E6E81EF00FDE399 /* Assets.xcassets */ = {isa = PBXFileReference; lastKnownFileType = folder.assetcatalog; path = Assets.xcassets; sourceTree = "<group>"; };
		DC8FA1A11E6E81EF00FDE399 /* Base */ = {isa = PBXFileReference; lastKnownFileType = file.storyboard; name = Base; path = Base.lproj/LaunchScreen.storyboard; sourceTree = "<group>"; };
		DC8FA1A31E6E81EF00FDE399 /* Info.plist */ = {isa = PBXFileReference; lastKnownFileType = text.plist.xml; path = Info.plist; sourceTree = "<group>"; };
		DC8FA1A91E6E822C00FDE399 /* LLWaveView.h */ = {isa = PBXFileReference; fileEncoding = 4; lastKnownFileType = sourcecode.c.h; path = LLWaveView.h; sourceTree = "<group>"; };
		DC8FA1AA1E6E822C00FDE399 /* LLWaveView.m */ = {isa = PBXFileReference; fileEncoding = 4; lastKnownFileType = sourcecode.c.objc; path = LLWaveView.m; sourceTree = "<group>"; };
/* End PBXFileReference section */

/* Begin PBXFrameworksBuildPhase section */
		DC8FA18C1E6E81EE00FDE399 /* Frameworks */ = {
			isa = PBXFrameworksBuildPhase;
			buildActionMask = 2147483647;
			files = (
			);
			runOnlyForDeploymentPostprocessing = 0;
		};
/* End PBXFrameworksBuildPhase section */

/* Begin PBXGroup section */
		DC8FA1861E6E81EE00FDE399 = {
			isa = PBXGroup;
			children = (
				DC8FA1911E6E81EE00FDE399 /* LLWaveAnimation */,
				DC8FA1901E6E81EE00FDE399 /* Products */,
			);
			sourceTree = "<group>";
		};
		DC8FA1901E6E81EE00FDE399 /* Products */ = {
			isa = PBXGroup;
			children = (
				DC8FA18F1E6E81EE00FDE399 /* LLWaveAnimation.app */,
			);
			name = Products;
			sourceTree = "<group>";
		};
		DC8FA1911E6E81EE00FDE399 /* LLWaveAnimation */ = {
			isa = PBXGroup;
			children = (
				DC8FA1A91E6E822C00FDE399 /* LLWaveView.h */,
				DC8FA1AA1E6E822C00FDE399 /* LLWaveView.m */,
				DC8FA1951E6E81EE00FDE399 /* AppDelegate.h */,
				DC8FA1961E6E81EE00FDE399 /* AppDelegate.m */,
				DC8FA1981E6E81EE00FDE399 /* ViewController.h */,
				DC8FA1991E6E81EE00FDE399 /* ViewController.m */,
				DC8FA19B1E6E81EE00FDE399 /* Main.storyboard */,
				DC8FA19E1E6E81EF00FDE399 /* Assets.xcassets */,
				DC8FA1A01E6E81EF00FDE399 /* LaunchScreen.storyboard */,
				DC8FA1A31E6E81EF00FDE399 /* Info.plist */,
				DC8FA1921E6E81EE00FDE399 /* Supporting Files */,
			);
			path = LLWaveAnimation;
			sourceTree = "<group>";
		};
		DC8FA1921E6E81EE00FDE399 /* Supporting Files */ = {
			isa = PBXGroup;
			children = (
				DC8FA1931E6E81EE00FDE399 /* main.m */,
			);
			name = "Supporting Files";
			sourceTree = "<group>";
		};
/* End PBXGroup section */

/* Begin PBXNativeTarget section */
		DC8FA18E1E6E81EE00FDE399 /* LLWaveAnimation */ = {
			isa = PBXNativeTarget;
			buildConfigurationList = DC8FA1A61E6E81EF00FDE399 /* Build configuration list for PBXNativeTarget "LLWaveAnimation" */;
			buildPhases = (
				DC8FA18B1E6E81EE00FDE399 /* Sources */,
				DC8FA18C1E6E81EE00FDE399 /* Frameworks */,
				DC8FA18D1E6E81EE00FDE399 /* Resources */,
			);
			buildRules = (
			);
			dependencies = (
			);
			name = LLWaveAnimation;
			productName = LLWaveAnimation;
			productReference = DC8FA18F1E6E81EE00FDE399 /* LLWaveAnimation.app */;
			productType = "com.apple.product-type.application";
		};
/* End PBXNativeTarget section */

/* Begin PBXProject section */
		DC8FA1871E6E81EE00FDE399 /* Project object */ = {
			isa = PBXProject;
			attributes = {
				LastUpgradeCheck = 0820;
				ORGANIZATIONNAME = lilei;
				TargetAttributes = {
					DC8FA18E1E6E81EE00FDE399 = {
						CreatedOnToolsVersion = 8.2.1;
						ProvisioningStyle = Automatic;
					};
				};
			};
			buildConfigurationList = DC8FA18A1E6E81EE00FDE399 /* Build configuration list for PBXProject "LLWaveAnimation" */;
			compatibilityVersion = "Xcode 3.2";
			developmentRegion = English;
			hasScannedForEncodings = 0;
			knownRegions = (
				en,
				Base,
			);
			mainGroup = DC8FA1861E6E81EE00FDE399;
			productRefGroup = DC8FA1901E6E81EE00FDE399 /* Products */;
			projectDirPath = "";
			projectRoot = "";
			targets = (
				DC8FA18E1E6E81EE00FDE399 /* LLWaveAnimation */,
			);
		};
/* End PBXProject section */

/* Begin PBXResourcesBuildPhase section */
		DC8FA18D1E6E81EE00FDE399 /* Resources */ = {
			isa = PBXResourcesBuildPhase;
			buildActionMask = 2147483647;
			files = (
				DC8FA1A21E6E81EF00FDE399 /* LaunchScreen.storyboard in Resources */,
				DC8FA19F1E6E81EF00FDE399 /* Assets.xcassets in Resources */,
				DC8FA19D1E6E81EE00FDE399 /* Main.storyboard in Resources */,
			);
			runOnlyForDeploymentPostprocessing = 0;
		};
/* End PBXResourcesBuildPhase section */

/* Begin PBXSourcesBuildPhase section */
		DC8FA18B1E6E81EE00FDE399 /* Sources */ = {
			isa = PBXSourcesBuildPhase;
			buildActionMask = 2147483647;
			files = (
				DC8FA19A1E6E81EE00FDE399 /* ViewController.m in Sources */,
				DC8FA1AB1E6E822C00FDE399 /* LLWaveView.m in Sources */,
				DC8FA1971E6E81EE00FDE399 /* AppDelegate.m in Sources */,
				DC8FA1941E6E81EE00FDE399 /* main.m in Sources */,
			);
			runOnlyForDeploymentPostprocessing = 0;
		};
/* End PBXSourcesBuildPhase section */

/* Begin PBXVariantGroup section */
		DC8FA19B1E6E81EE00FDE399 /* Main.storyboard */ = {
			isa = PBXVariantGroup;
			children = (
				DC8FA19C1E6E81EE00FDE399 /* Base */,
			);
			name = Main.storyboard;
			sourceTree = "<group>";
		};
		DC8FA1A01E6E81EF00FDE399 /* LaunchScreen.storyboard */ = {
			isa = PBXVariantGroup;
			children = (
				DC8FA1A11E6E81EF00FDE399 /* Base */,
			);
			name = LaunchScreen.storyboard;
			sourceTree = "<group>";
		};
/* End PBXVariantGroup section */

/* Begin XCBuildConfiguration section */
		DC8FA1A41E6E81EF00FDE399 /* Debug */ = {
			isa = XCBuildConfiguration;
			buildSettings = {
				ALWAYS_SEARCH_USER_PATHS = NO;
				CLANG_ANALYZER_NONNULL = YES;
				CLANG_CXX_LANGUAGE_STANDARD = "gnu++0x";
				CLANG_CXX_LIBRARY = "libc++";
				CLANG_ENABLE_MODULES = YES;
				CLANG_ENABLE_OBJC_ARC = YES;
				CLANG_WARN_BOOL_CONVERSION = YES;
				CLANG_WARN_CONSTANT_CONVERSION = YES;
				CLANG_WARN_DIRECT_OBJC_ISA_USAGE = YES_ERROR;
				CLANG_WARN_DOCUMENTATION_COMMENTS = YES;
				CLANG_WARN_EMPTY_BODY = YES;
				CLANG_WARN_ENUM_CONVERSION = YES;
				CLANG_WARN_INFINITE_RECURSION = YES;
				CLANG_WARN_INT_CONVERSION = YES;
				CLANG_WARN_OBJC_ROOT_CLASS = YES_ERROR;
				CLANG_WARN_SUSPICIOUS_MOVE = YES;
				CLANG_WARN_UNREACHABLE_CODE = YES;
				CLANG_WARN__DUPLICATE_METHOD_MATCH = YES;
				"CODE_SIGN_IDENTITY[sdk=iphoneos*]" = "iPhone Developer";
				COPY_PHASE_STRIP = NO;
				DEBUG_INFORMATION_FORMAT = dwarf;
				ENABLE_STRICT_OBJC_MSGSEND = YES;
				ENABLE_TESTABILITY = YES;
				GCC_C_LANGUAGE_STANDARD = gnu99;
				GCC_DYNAMIC_NO_PIC = NO;
				GCC_NO_COMMON_BLOCKS = YES;
				GCC_OPTIMIZATION_LEVEL = 0;
				GCC_PREPROCESSOR_DEFINITIONS = (
					"DEBUG=1",
					"$(inherited)",
				);
				GCC_WARN_64_TO_32_BIT_CONVERSION = YES;
				GCC_WARN_ABOUT_RETURN_TYPE = YES_ERROR;
				GCC_WARN_UNDECLARED_SELECTOR = YES;
				GCC_WARN_UNINITIALIZED_AUTOS = YES_AGGRESSIVE;
				GCC_WARN_UNUSED_FUNCTION = YES;
				GCC_WARN_UNUSED_VARIABLE = YES;
				IPHONEOS_DEPLOYMENT_TARGET = 10.2;
				MTL_ENABLE_DEBUG_INFO = YES;
				ONLY_ACTIVE_ARCH = YES;
				SDKROOT = iphoneos;
				TARGETED_DEVICE_FAMILY = "1,2";
			};
			name = Debug;
		};
		DC8FA1A51E6E81EF00FDE399 /* Release */ = {
			isa = XCBuildConfiguration;
			buildSettings = {
				ALWAYS_SEARCH_USER_PATHS = NO;
				CLANG_ANALYZER_NONNULL = YES;
				CLANG_CXX_LANGUAGE_STANDARD = "gnu++0x";
				CLANG_CXX_LIBRARY = "libc++";
				CLANG_ENABLE_MODULES = YES;
				CLANG_ENABLE_OBJC_ARC = YES;
				CLANG_WARN_BOOL_CONVERSION = YES;
				CLANG_WARN_CONSTANT_CONVERSION = YES;
				CLANG_WARN_DIRECT_OBJC_ISA_USAGE = YES_ERROR;
				CLANG_WARN_DOCUMENTATION_COMMENTS = YES;
				CLANG_WARN_EMPTY_BODY = YES;
				CLANG_WARN_ENUM_CONVERSION = YES;
				CLANG_WARN_INFINITE_RECURSION = YES;
				CLANG_WARN_INT_CONVERSION = YES;
				CLANG_WARN_OBJC_ROOT_CLASS = YES_ERROR;
				CLANG_WARN_SUSPICIOUS_MOVE = YES;
				CLANG_WARN_UNREACHABLE_CODE = YES;
				CLANG_WARN__DUPLICATE_METHOD_MATCH = YES;
				"CODE_SIGN_IDENTITY[sdk=iphoneos*]" = "iPhone Developer";
				COPY_PHASE_STRIP = NO;
				DEBUG_INFORMATION_FORMAT = "dwarf-with-dsym";
				ENABLE_NS_ASSERTIONS = NO;
				ENABLE_STRICT_OBJC_MSGSEND = YES;
				GCC_C_LANGUAGE_STANDARD = gnu99;
				GCC_NO_COMMON_BLOCKS = YES;
				GCC_WARN_64_TO_32_BIT_CONVERSION = YES;
				GCC_WARN_ABOUT_RETURN_TYPE = YES_ERROR;
				GCC_WARN_UNDECLARED_SELECTOR = YES;
				GCC_WARN_UNINITIALIZED_AUTOS = YES_AGGRESSIVE;
				GCC_WARN_UNUSED_FUNCTION = YES;
				GCC_WARN_UNUSED_VARIABLE = YES;
				IPHONEOS_DEPLOYMENT_TARGET = 10.2;
				MTL_ENABLE_DEBUG_INFO = NO;
				SDKROOT = iphoneos;
				TARGETED_DEVICE_FAMILY = "1,2";
				VALIDATE_PRODUCT = YES;
			};
			name = Release;
		};
		DC8FA1A71E6E81EF00FDE399 /* Debug */ = {
			isa = XCBuildConfiguration;
			buildSettings = {
				ASSETCATALOG_COMPILER_APPICON_NAME = AppIcon;
				INFOPLIST_FILE = LLWaveAnimation/Info.plist;
				LD_RUNPATH_SEARCH_PATHS = "$(inherited) @executable_path/Frameworks";
				PRODUCT_BUNDLE_IDENTIFIER = lieli.LLWaveAnimation;
				PRODUCT_NAME = "$(TARGET_NAME)";
			};
			name = Debug;
		};
		DC8FA1A81E6E81EF00FDE399 /* Release */ = {
			isa = XCBuildConfiguration;
			buildSettings = {
				ASSETCATALOG_COMPILER_APPICON_NAME = AppIcon;
				INFOPLIST_FILE = LLWaveAnimation/Info.plist;
				LD_RUNPATH_SEARCH_PATHS = "$(inherited) @executable_path/Frameworks";
				PRODUCT_BUNDLE_IDENTIFIER = lieli.LLWaveAnimation;
				PRODUCT_NAME = "$(TARGET_NAME)";
			};
			name = Release;
		};
/* End XCBuildConfiguration section */

/* Begin XCConfigurationList section */
		DC8FA18A1E6E81EE00FDE399 /* Build configuration list for PBXProject "LLWaveAnimation" */ = {
			isa = XCConfigurationList;
			buildConfigurations = (
				DC8FA1A41E6E81EF00FDE399 /* Debug */,
				DC8FA1A51E6E81EF00FDE399 /* Release */,
			);
			defaultConfigurationIsVisible = 0;
			defaultConfigurationName = Release;
		};
		DC8FA1A61E6E81EF00FDE399 /* Build configuration list for PBXNativeTarget "LLWaveAnimation" */ = {
			isa = XCConfigurationList;
			buildConfigurations = (
				DC8FA1A71E6E81EF00FDE399 /* Debug */,
				DC8FA1A81E6E81EF00FDE399 /* Release */,
			);
			defaultConfigurationIsVisible = 0;
		};
/* End XCConfigurationList section */
	};
	rootObject = DC8FA1871E6E81EE00FDE399 /* Project object */;
}
